
Microsoft Visual Studio Solution File, Format Version 12.00
# Visual Studio Version 17
VisualStudioVersion = 17.4.33205.214
MinimumVisualStudioVersion = 10.0.40219.1
Project("{2150E333-8FDC-42A3-9474-1A3956D46DE8}") = "src", "src", "{7D4A0337-5BAA-401D-BCF9-1339ED80CAAC}"
EndProject
Project("{9A19103F-16F7-4668-BE54-9A1E7A4F7556}") = "Profit.Domain", "Profit.Domain\Profit.Domain.csproj", "{69CAAE2A-B341-498D-965F-CAA6547310BB}"
EndProject
Project("{9A19103F-16F7-4668-BE54-9A1E7A4F7556}") = "Profit.Infrastructure.Repository", "Profit.Infrastructure.Repository\Profit.Infrastructure.Repository.csproj", "{376BB3CB-D73F-4307-AEA1-A96E4A6CAA59}"
EndProject
Project("{9A19103F-16F7-4668-BE54-9A1E7A4F7556}") = "Profit.Core", "Profit.Core\Profit.Core.csproj", "{30D5BDC7-BED0-45E9-958E-5B16AABEE6AD}"
EndProject
Project("{9A19103F-16F7-4668-BE54-9A1E7A4F7556}") = "Profit.DependencyInjection", "Profit.DependencyInjection\Profit.DependencyInjection.csproj", "{19081422-ED7B-4EA2-A0F4-5C6A8C71FEA7}"
EndProject
Project("{9A19103F-16F7-4668-BE54-9A1E7A4F7556}") = "Profit.API", "Profit.API\Profit.API.csproj", "{043EF2A7-CEB0-48FF-A8BC-40311010619E}"
EndProject
Project("{9A19103F-16F7-4668-BE54-9A1E7A4F7556}") = "Profit.UnitTests", "Profit.UnitTests\Profit.UnitTests.csproj", "{1E344DEB-6C4F-46CE-8236-AB5EA2EDBDD0}"
EndProject
Global
	GlobalSection(SolutionConfigurationPlatforms) = preSolution
		Debug|Any CPU = Debug|Any CPU
		Release|Any CPU = Release|Any CPU
	EndGlobalSection
	GlobalSection(ProjectConfigurationPlatforms) = postSolution
		{69CAAE2A-B341-498D-965F-CAA6547310BB}.Debug|Any CPU.ActiveCfg = Debug|Any CPU
		{69CAAE2A-B341-498D-965F-CAA6547310BB}.Debug|Any CPU.Build.0 = Debug|Any CPU
		{69CAAE2A-B341-498D-965F-CAA6547310BB}.Release|Any CPU.ActiveCfg = Release|Any CPU
		{69CAAE2A-B341-498D-965F-CAA6547310BB}.Release|Any CPU.Build.0 = Release|Any CPU
		{376BB3CB-D73F-4307-AEA1-A96E4A6CAA59}.Debug|Any CPU.ActiveCfg = Debug|Any CPU
		{376BB3CB-D73F-4307-AEA1-A96E4A6CAA59}.Debug|Any CPU.Build.0 = Debug|Any CPU
		{376BB3CB-D73F-4307-AEA1-A96E4A6CAA59}.Release|Any CPU.ActiveCfg = Release|Any CPU
		{376BB3CB-D73F-4307-AEA1-A96E4A6CAA59}.Release|Any CPU.Build.0 = Release|Any CPU
		{30D5BDC7-BED0-45E9-958E-5B16AABEE6AD}.Debug|Any CPU.ActiveCfg = Debug|Any CPU
		{30D5BDC7-BED0-45E9-958E-5B16AABEE6AD}.Debug|Any CPU.Build.0 = Debug|Any CPU
		{30D5BDC7-BED0-45E9-958E-5B16AABEE6AD}.Release|Any CPU.ActiveCfg = Release|Any CPU
		{30D5BDC7-BED0-45E9-958E-5B16AABEE6AD}.Release|Any CPU.Build.0 = Release|Any CPU
		{19081422-ED7B-4EA2-A0F4-5C6A8C71FEA7}.Debug|Any CPU.ActiveCfg = Debug|Any CPU
		{19081422-ED7B-4EA2-A0F4-5C6A8C71FEA7}.Debug|Any CPU.Build.0 = Debug|Any CPU
		{19081422-ED7B-4EA2-A0F4-5C6A8C71FEA7}.Release|Any CPU.ActiveCfg = Release|Any CPU
		{19081422-ED7B-4EA2-A0F4-5C6A8C71FEA7}.Release|Any CPU.Build.0 = Release|Any CPU
		{043EF2A7-CEB0-48FF-A8BC-40311010619E}.Debug|Any CPU.ActiveCfg = Debug|Any CPU
		{043EF2A7-CEB0-48FF-A8BC-40311010619E}.Debug|Any CPU.Build.0 = Debug|Any CPU
		{043EF2A7-CEB0-48FF-A8BC-40311010619E}.Release|Any CPU.ActiveCfg = Release|Any CPU
		{043EF2A7-CEB0-48FF-A8BC-40311010619E}.Release|Any CPU.Build.0 = Release|Any CPU
		{1E344DEB-6C4F-46CE-8236-AB5EA2EDBDD0}.Debug|Any CPU.ActiveCfg = Debug|Any CPU
		{1E344DEB-6C4F-46CE-8236-AB5EA2EDBDD0}.Debug|Any CPU.Build.0 = Debug|Any CPU
		{1E344DEB-6C4F-46CE-8236-AB5EA2EDBDD0}.Release|Any CPU.ActiveCfg = Release|Any CPU
		{1E344DEB-6C4F-46CE-8236-AB5EA2EDBDD0}.Release|Any CPU.Build.0 = Release|Any CPU
	EndGlobalSection
	GlobalSection(SolutionProperties) = preSolution
		HideSolutionNode = FALSE
	EndGlobalSection
	GlobalSection(NestedProjects) = preSolution
		{69CAAE2A-B341-498D-965F-CAA6547310BB} = {7D4A0337-5BAA-401D-BCF9-1339ED80CAAC}
		{376BB3CB-D73F-4307-AEA1-A96E4A6CAA59} = {7D4A0337-5BAA-401D-BCF9-1339ED80CAAC}
		{30D5BDC7-BED0-45E9-958E-5B16AABEE6AD} = {7D4A0337-5BAA-401D-BCF9-1339ED80CAAC}
		{19081422-ED7B-4EA2-A0F4-5C6A8C71FEA7} = {7D4A0337-5BAA-401D-BCF9-1339ED80CAAC}
		{043EF2A7-CEB0-48FF-A8BC-40311010619E} = {7D4A0337-5BAA-401D-BCF9-1339ED80CAAC}
		{1E344DEB-6C4F-46CE-8236-AB5EA2EDBDD0} = {7D4A0337-5BAA-401D-BCF9-1339ED80CAAC}
	EndGlobalSection
	GlobalSection(ExtensibilityGlobals) = postSolution
		SolutionGuid = {9CEC29BF-D048-4E4E-AD47-3204C8E2261F}
	EndGlobalSection
EndGlobal
